PODS:
  - Capacitor (8.5.2):
    - CapacitorCordova
  - CapacitorApp (8.1.2):
    - Capacitor
  - CapacitorCordova (8.5.2)
  - CapacitorHaptics (8.0.2):
    - Capacitor
  - CapacitorKeyboard (8.0.6):
    - Capacitor
  - CapacitorStatusBar (8.0.4):
    - Capacitor
  - CapawesomeTeamCapacitorBluetoothLowEnergy (8.3.2):
    - Capacitor

DEPENDENCIES:
  - "Capacitor (from `../../node_modules/@capacitor/ios`)"
  - "CapacitorApp (from `../../node_modules/@capacitor/app`)"
  - "CapacitorCordova (from `../../node_modules/@capacitor/ios`)"
  - "CapacitorHaptics (from `../../node_modules/@capacitor/haptics`)"
  - "CapacitorKeyboard (from `../../node_modules/@capacitor/keyboard`)"
  - "CapacitorStatusBar (from `../../node_modules/@capacitor/status-bar`)"
  - "CapawesomeTeamCapacitorBluetoothLowEnergy (from `../../node_modules/@capawesome-team/capacitor-bluetooth-low-energy`)"

EXTERNAL SOURCES:
  Capacitor:
    :path: "../../node_modules/@capacitor/ios"
  CapacitorApp:
    :path: "../../node_modules/@capacitor/app"
  CapacitorCordova:
    :path: "../../node_modules/@capacitor/ios"
  CapacitorHaptics:
    :path: "../../node_modules/@capacitor/haptics"
  CapacitorKeyboard:
    :path: "../../node_modules/@capacitor/keyboard"
  CapacitorStatusBar:
    :path: "../../node_modules/@capacitor/status-bar"
  CapawesomeTeamCapacitorBluetoothLowEnergy:
    :path: "../../node_modules/@capawesome-team/capacitor-bluetooth-low-energy"

SPEC CHECKSUMS:
  Capacitor: 89067779e14fb7ea56af07b4817f45d1f0c2a269
  CapacitorApp: 7b7e43debe505bc61beedb83796aa1368c86078b
  CapacitorCordova: 5bec5648cbd09a176ce34ce5e7b6cdabb2c8a327
  CapacitorHaptics: 296f771ecd89c7a1bd92a7b6826a7d268e2e70f5
  CapacitorKeyboard: f9e85e685082e9f63404de15db4a4291448b0912
  CapacitorStatusBar: ff844df1f126da6c4fbc4028272425fa3a91e7e3
  CapawesomeTeamCapacitorBluetoothLowEnergy: 9a7fe586b77c97292adbb9ad83907a1e44e2847d

PODFILE CHECKSUM: d210ece8498f0d81b09e595722b455bf2a6c3861

COCOAPODS: 1.17.0
